
Microsoft Visual Studio Solution File, Format Version 12.00
# Visual Studio Version 17
VisualStudioVersion = 17.7.34024.191
MinimumVisualStudioVersion = 10.0.40219.1
Project("{8BC9CEB8-8B4A-11D0-8D11-00A0C91BC942}") = "Lab12.11(2)", "Lab12.11(2)\Lab12.11(2).vcxproj", "{B9B7D6EB-117B-4A4D-A640-E23A328266BB}"
EndProject
Project("{8BC9CEB8-8B4A-11D0-8D11-00A0C91BC942}") = "UnitTest1", "UnitTest1\UnitTest1.vcxproj", "{76BCF545-F0DD-4560-BF77-B71F4DB27A3C}"
EndProject
Global
	GlobalSection(SolutionConfigurationPlatforms) = preSolution
		Debug|x64 = Debug|x64
		Debug|x86 = Debug|x86
		Release|x64 = Release|x64
		Release|x86 = Release|x86
	EndGlobalSection
	GlobalSection(ProjectConfigurationPlatforms) = postSolution
		{B9B7D6EB-117B-4A4D-A640-E23A328266BB}.Debug|x64.ActiveCfg = Debug|x64
		{B9B7D6EB-117B-4A4D-A640-E23A328266BB}.Debug|x64.Build.0 = Debug|x64
		{B9B7D6EB-117B-4A4D-A640-E23A328266BB}.Debug|x86.ActiveCfg = Debug|Win32
		{B9B7D6EB-117B-4A4D-A640-E23A328266BB}.Debug|x86.Build.0 = Debug|Win32
		{B9B7D6EB-117B-4A4D-A640-E23A328266BB}.Release|x64.ActiveCfg = Release|x64
		{B9B7D6EB-117B-4A4D-A640-E23A328266BB}.Release|x64.Build.0 = Release|x64
		{B9B7D6EB-117B-4A4D-A640-E23A328266BB}.Release|x86.ActiveCfg = Release|Win32
		{B9B7D6EB-117B-4A4D-A640-E23A328266BB}.Release|x86.Build.0 = Release|Win32
		{76BCF545-F0DD-4560-BF77-B71F4DB27A3C}.Debug|x64.ActiveCfg = Debug|x64
		{76BCF545-F0DD-4560-BF77-B71F4DB27A3C}.Debug|x64.Build.0 = Debug|x64
		{76BCF545-F0DD-4560-BF77-B71F4DB27A3C}.Debug|x86.ActiveCfg = Debug|Win32
		{76BCF545-F0DD-4560-BF77-B71F4DB27A3C}.Debug|x86.Build.0 = Debug|Win32
		{76BCF545-F0DD-4560-BF77-B71F4DB27A3C}.Release|x64.ActiveCfg = Release|x64
		{76BCF545-F0DD-4560-BF77-B71F4DB27A3C}.Release|x64.Build.0 = Release|x64
		{76BCF545-F0DD-4560-BF77-B71F4DB27A3C}.Release|x86.ActiveCfg = Release|Win32
		{76BCF545-F0DD-4560-BF77-B71F4DB27A3C}.Release|x86.Build.0 = Release|Win32
	EndGlobalSection
	GlobalSection(SolutionProperties) = preSolution
		HideSolutionNode = FALSE
	EndGlobalSection
	GlobalSection(ExtensibilityGlobals) = postSolution
		SolutionGuid = {0B9C5A38-C948-4097-AD90-3AB4B88640F9}
	EndGlobalSection
EndGlobal
